
Microsoft Visual Studio Solution File, Format Version 12.00
# Visual Studio Version 17
VisualStudioVersion = 17.9.34723.18
MinimumVisualStudioVersion = 10.0.40219.1
Project("{FAE04EC0-301F-11D3-BF4B-00C04F79EFBC}") = "Cas 6", "Cas 6.csproj", "{8BD46D22-F416-4146-93C4-0F155DEEC1CE}"
EndProject
Global
	GlobalSection(SolutionConfigurationPlatforms) = preSolution
		Debug|Any CPU = Debug|Any CPU
		Release|Any CPU = Release|Any CPU
	EndGlobalSection
	GlobalSection(ProjectConfigurationPlatforms) = postSolution
		{8BD46D22-F416-4146-93C4-0F155DEEC1CE}.Debug|Any CPU.ActiveCfg = Debug|Any CPU
		{8BD46D22-F416-4146-93C4-0F155DEEC1CE}.Debug|Any CPU.Build.0 = Debug|Any CPU
		{8BD46D22-F416-4146-93C4-0F155DEEC1CE}.Release|Any CPU.ActiveCfg = Release|Any CPU
		{8BD46D22-F416-4146-93C4-0F155DEEC1CE}.Release|Any CPU.Build.0 = Release|Any CPU
	EndGlobalSection
	GlobalSection(SolutionProperties) = preSolution
		HideSolutionNode = FALSE
	EndGlobalSection
	GlobalSection(ExtensibilityGlobals) = postSolution
		SolutionGuid = {E9DE48E1-69FA-4F46-BA12-9BC8CB048474}
	EndGlobalSection
EndGlobal
