
Microsoft Visual Studio Solution File, Format Version 12.00
# Visual Studio Version 17
VisualStudioVersion = 17.9.34723.18
MinimumVisualStudioVersion = 10.0.40219.1
Project("{9A19103F-16F7-4668-BE54-9A1E7A4F7556}") = "Cas 5", "Cas 5.csproj", "{E9D43653-B839-41E8-991F-9C28093A6DC4}"
EndProject
Project("{2150E333-8FDC-42A3-9474-1A3956D46DE8}") = "Models", "Models", "{ECE7086E-FF28-4442-992A-8D35EAC29D70}"
	ProjectSection(SolutionItems) = preProject
		Dog.cs = Dog.cs
		Human.cs = Human.cs
		Person.cs = Person.cs
	EndProjectSection
EndProject
Global
	GlobalSection(SolutionConfigurationPlatforms) = preSolution
		Debug|Any CPU = Debug|Any CPU
		Release|Any CPU = Release|Any CPU
	EndGlobalSection
	GlobalSection(ProjectConfigurationPlatforms) = postSolution
		{E9D43653-B839-41E8-991F-9C28093A6DC4}.Debug|Any CPU.ActiveCfg = Debug|Any CPU
		{E9D43653-B839-41E8-991F-9C28093A6DC4}.Debug|Any CPU.Build.0 = Debug|Any CPU
		{E9D43653-B839-41E8-991F-9C28093A6DC4}.Release|Any CPU.ActiveCfg = Release|Any CPU
		{E9D43653-B839-41E8-991F-9C28093A6DC4}.Release|Any CPU.Build.0 = Release|Any CPU
	EndGlobalSection
	GlobalSection(SolutionProperties) = preSolution
		HideSolutionNode = FALSE
	EndGlobalSection
	GlobalSection(ExtensibilityGlobals) = postSolution
		SolutionGuid = {2ADE65FE-C6EB-425A-9637-A6650BE744C8}
	EndGlobalSection
EndGlobal
