
Microsoft Visual Studio Solution File, Format Version 12.00
# Visual Studio Version 17
VisualStudioVersion = 17.9.34723.18
MinimumVisualStudioVersion = 10.0.40219.1
Project("{FAE04EC0-301F-11D3-BF4B-00C04F79EFBC}") = "Domaci 4", "Domaci 4.csproj", "{D34B8233-5AFE-457D-B6E5-E87BD8C3235D}"
EndProject
Global
	GlobalSection(SolutionConfigurationPlatforms) = preSolution
		Debug|Any CPU = Debug|Any CPU
		Release|Any CPU = Release|Any CPU
	EndGlobalSection
	GlobalSection(ProjectConfigurationPlatforms) = postSolution
		{D34B8233-5AFE-457D-B6E5-E87BD8C3235D}.Debug|Any CPU.ActiveCfg = Debug|Any CPU
		{D34B8233-5AFE-457D-B6E5-E87BD8C3235D}.Debug|Any CPU.Build.0 = Debug|Any CPU
		{D34B8233-5AFE-457D-B6E5-E87BD8C3235D}.Release|Any CPU.ActiveCfg = Release|Any CPU
		{D34B8233-5AFE-457D-B6E5-E87BD8C3235D}.Release|Any CPU.Build.0 = Release|Any CPU
	EndGlobalSection
	GlobalSection(SolutionProperties) = preSolution
		HideSolutionNode = FALSE
	EndGlobalSection
	GlobalSection(ExtensibilityGlobals) = postSolution
		SolutionGuid = {CF483A6A-4350-46AE-AB1F-B9A06A8F9515}
	EndGlobalSection
EndGlobal
