
Microsoft Visual Studio Solution File, Format Version 12.00
# Visual Studio Version 17
VisualStudioVersion = 17.9.34723.18
MinimumVisualStudioVersion = 10.0.40219.1
Project("{FAE04EC0-301F-11D3-BF4B-00C04F79EFBC}") = "Cas1", "Cas1.csproj", "{A086F030-9D34-42AA-A7B0-798231048844}"
EndProject
Global
	GlobalSection(SolutionConfigurationPlatforms) = preSolution
		Debug|Any CPU = Debug|Any CPU
		Release|Any CPU = Release|Any CPU
	EndGlobalSection
	GlobalSection(ProjectConfigurationPlatforms) = postSolution
		{A086F030-9D34-42AA-A7B0-798231048844}.Debug|Any CPU.ActiveCfg = Debug|Any CPU
		{A086F030-9D34-42AA-A7B0-798231048844}.Debug|Any CPU.Build.0 = Debug|Any CPU
		{A086F030-9D34-42AA-A7B0-798231048844}.Release|Any CPU.ActiveCfg = Release|Any CPU
		{A086F030-9D34-42AA-A7B0-798231048844}.Release|Any CPU.Build.0 = Release|Any CPU
	EndGlobalSection
	GlobalSection(SolutionProperties) = preSolution
		HideSolutionNode = FALSE
	EndGlobalSection
	GlobalSection(ExtensibilityGlobals) = postSolution
		SolutionGuid = {72FDE85E-66FB-4CFA-99DA-436F74A54BE6}
	EndGlobalSection
EndGlobal
