
Microsoft Visual Studio Solution File, Format Version 12.00
# Visual Studio Version 17
VisualStudioVersion = 17.9.34723.18
MinimumVisualStudioVersion = 10.0.40219.1
Project("{9A19103F-16F7-4668-BE54-9A1E7A4F7556}") = "Domaci 3", "Domaci 3.csproj", "{6225C6BF-3A4C-4BF1-B7EE-779109647952}"
EndProject
Global
	GlobalSection(SolutionConfigurationPlatforms) = preSolution
		Debug|Any CPU = Debug|Any CPU
		Release|Any CPU = Release|Any CPU
	EndGlobalSection
	GlobalSection(ProjectConfigurationPlatforms) = postSolution
		{6225C6BF-3A4C-4BF1-B7EE-779109647952}.Debug|Any CPU.ActiveCfg = Debug|Any CPU
		{6225C6BF-3A4C-4BF1-B7EE-779109647952}.Debug|Any CPU.Build.0 = Debug|Any CPU
		{6225C6BF-3A4C-4BF1-B7EE-779109647952}.Release|Any CPU.ActiveCfg = Release|Any CPU
		{6225C6BF-3A4C-4BF1-B7EE-779109647952}.Release|Any CPU.Build.0 = Release|Any CPU
	EndGlobalSection
	GlobalSection(SolutionProperties) = preSolution
		HideSolutionNode = FALSE
	EndGlobalSection
	GlobalSection(ExtensibilityGlobals) = postSolution
		SolutionGuid = {11381289-5A4F-403D-9300-728A3E816937}
	EndGlobalSection
EndGlobal
