
Microsoft Visual Studio Solution File, Format Version 12.00
# Visual Studio Version 17
VisualStudioVersion = 17.9.34723.18
MinimumVisualStudioVersion = 10.0.40219.1
Project("{FAE04EC0-301F-11D3-BF4B-00C04F79EFBC}") = "Cas 8", "Cas 8.csproj", "{8BD492F1-44CA-4E24-80B3-19BF63F8EF66}"
EndProject
Global
	GlobalSection(SolutionConfigurationPlatforms) = preSolution
		Debug|Any CPU = Debug|Any CPU
		Release|Any CPU = Release|Any CPU
	EndGlobalSection
	GlobalSection(ProjectConfigurationPlatforms) = postSolution
		{8BD492F1-44CA-4E24-80B3-19BF63F8EF66}.Debug|Any CPU.ActiveCfg = Debug|Any CPU
		{8BD492F1-44CA-4E24-80B3-19BF63F8EF66}.Debug|Any CPU.Build.0 = Debug|Any CPU
		{8BD492F1-44CA-4E24-80B3-19BF63F8EF66}.Release|Any CPU.ActiveCfg = Release|Any CPU
		{8BD492F1-44CA-4E24-80B3-19BF63F8EF66}.Release|Any CPU.Build.0 = Release|Any CPU
	EndGlobalSection
	GlobalSection(SolutionProperties) = preSolution
		HideSolutionNode = FALSE
	EndGlobalSection
	GlobalSection(ExtensibilityGlobals) = postSolution
		SolutionGuid = {C797F0F2-FF8A-4D18-8D58-C185A421F310}
	EndGlobalSection
EndGlobal
