
Microsoft Visual Studio Solution File, Format Version 12.00
# Visual Studio Version 17
VisualStudioVersion = 17.9.34723.18
MinimumVisualStudioVersion = 10.0.40219.1
Project("{FAE04EC0-301F-11D3-BF4B-00C04F79EFBC}") = "Domaci", "Domaci\Domaci.csproj", "{362AEA12-CAD2-44BD-A0E4-A615722A39E7}"
EndProject
Global
	GlobalSection(SolutionConfigurationPlatforms) = preSolution
		Debug|Any CPU = Debug|Any CPU
		Release|Any CPU = Release|Any CPU
	EndGlobalSection
	GlobalSection(ProjectConfigurationPlatforms) = postSolution
		{362AEA12-CAD2-44BD-A0E4-A615722A39E7}.Debug|Any CPU.ActiveCfg = Debug|Any CPU
		{362AEA12-CAD2-44BD-A0E4-A615722A39E7}.Debug|Any CPU.Build.0 = Debug|Any CPU
		{362AEA12-CAD2-44BD-A0E4-A615722A39E7}.Release|Any CPU.ActiveCfg = Release|Any CPU
		{362AEA12-CAD2-44BD-A0E4-A615722A39E7}.Release|Any CPU.Build.0 = Release|Any CPU
	EndGlobalSection
	GlobalSection(SolutionProperties) = preSolution
		HideSolutionNode = FALSE
	EndGlobalSection
	GlobalSection(ExtensibilityGlobals) = postSolution
		SolutionGuid = {55123C46-7393-4547-8F49-04CF4AEB1C1E}
	EndGlobalSection
EndGlobal
