
Microsoft Visual Studio Solution File, Format Version 12.00
# Visual Studio Version 17
VisualStudioVersion = 17.9.34723.18
MinimumVisualStudioVersion = 10.0.40219.1
Project("{FAE04EC0-301F-11D3-BF4B-00C04F79EFBC}") = "Cas3", "Cas3.csproj", "{156237A8-211D-4BF1-BFF6-130F4721A5D3}"
EndProject
Global
	GlobalSection(SolutionConfigurationPlatforms) = preSolution
		Debug|Any CPU = Debug|Any CPU
		Release|Any CPU = Release|Any CPU
	EndGlobalSection
	GlobalSection(ProjectConfigurationPlatforms) = postSolution
		{156237A8-211D-4BF1-BFF6-130F4721A5D3}.Debug|Any CPU.ActiveCfg = Debug|Any CPU
		{156237A8-211D-4BF1-BFF6-130F4721A5D3}.Debug|Any CPU.Build.0 = Debug|Any CPU
		{156237A8-211D-4BF1-BFF6-130F4721A5D3}.Release|Any CPU.ActiveCfg = Release|Any CPU
		{156237A8-211D-4BF1-BFF6-130F4721A5D3}.Release|Any CPU.Build.0 = Release|Any CPU
	EndGlobalSection
	GlobalSection(SolutionProperties) = preSolution
		HideSolutionNode = FALSE
	EndGlobalSection
	GlobalSection(ExtensibilityGlobals) = postSolution
		SolutionGuid = {9FC2FB73-815C-4DC3-8FA1-582336AB2CA5}
	EndGlobalSection
EndGlobal
